// !$*UTF8*$!
{
	archiveVersion = 1;
	classes = {
	};
	objectVersion = 77;
	objects = {

/* Begin PBXBuildFile section */
		2D4544562F12F45C007AE19F /* Trapezio in Frameworks */ = {isa = PBXBuildFile; productRef = 2D4544552F12F45C007AE19F /* Trapezio */; };
/* End PBXBuildFile section */

/* Begin PBXContainerItemProxy section */
		2D4544162F12F2C5007AE19F /* PBXContainerItemProxy */ = {
			isa = PBXContainerItemProxy;
			containerPortal = 2D4544002F12F2C4007AE19F /* Project object */;
			proxyType = 1;
			remoteGlobalIDString = 2D4544072F12F2C4007AE19F;
			remoteInfo = TrapezioCounter;
		};
		2D4544202F12F2C5007AE19F /* PBXContainerItemProxy */ = {
			isa = PBXContainerItemProxy;
			containerPortal = 2D4544002F12F2C4007AE19F /* Project object */;
			proxyType = 1;
			remoteGlobalIDString = 2D4544072F12F2C4007AE19F;
			remoteInfo = TrapezioCounter;
		};
/* End PBXContainerItemProxy section */

/* Begin PBXFileReference section */
		2D4544082F12F2C4007AE19F /* TrapezioCounter.app */ = {isa = PBXFileReference; explicitFileType = wrapper.application; includeInIndex = 0; path = TrapezioCounter.app; sourceTree = BUILT_PRODUCTS_DIR; };
		2D4544152F12F2C5007AE19F /* TrapezioCounterTests.xctest */ = {isa = PBXFileReference; explicitFileType = wrapper.cfbundle; includeInIndex = 0; path = TrapezioCounterTests.xctest; sourceTree = BUILT_PRODUCTS_DIR; };
		2D45441F2F12F2C5007AE19F /* TrapezioCounterUITests.xctest */ = {isa = PBXFileReference; explicitFileType = wrapper.cfbundle; includeInIndex = 0; path = TrapezioCounterUITests.xctest; sourceTree = BUILT_PRODUCTS_DIR; };
/* End PBXFileReference section */

/* Begin PBXFileSystemSynchronizedBuildFileExceptionSet section */
		2D4544A82F1310A7007AE19F /* Exceptions for "TrapezioCounter" folder in "TrapezioCounter" target */ = {
			isa = PBXFileSystemSynchronizedBuildFileExceptionSet;
			membershipExceptions = (
				TrapezioCounterTests/CounterStoreTests.swift,
				TrapezioCounterTests/DivideUseCaseTests.swift,
			);
			target = 2D4544072F12F2C4007AE19F /* TrapezioCounter */;
		};
		2D4544AA2F1310AC007AE19F /* Exceptions for "TrapezioCounter" folder in "TrapezioCounterTests" target */ = {
			isa = PBXFileSystemSynchronizedBuildFileExceptionSet;
			membershipExceptions = (
				TrapezioCounterTests/CounterStoreTests.swift,
				TrapezioCounterTests/DivideUseCaseTests.swift,
			);
			target = 2D4544142F12F2C5007AE19F /* TrapezioCounterTests */;
		};
/* End PBXFileSystemSynchronizedBuildFileExceptionSet section */

/* Begin PBXFileSystemSynchronizedRootGroup section */
		2D45440A2F12F2C4007AE19F /* TrapezioCounter */ = {
			isa = PBXFileSystemSynchronizedRootGroup;
			exceptions = (
				2D4544A82F1310A7007AE19F /* Exceptions for "TrapezioCounter" folder in "TrapezioCounter" target */,
				2D4544AA2F1310AC007AE19F /* Exceptions for "TrapezioCounter" folder in "TrapezioCounterTests" target */,
			);
			path = TrapezioCounter;
			sourceTree = "<group>";
		};
/* End PBXFileSystemSynchronizedRootGroup section */

/* Begin PBXFrameworksBuildPhase section */
		2D4544052F12F2C4007AE19F /* Frameworks */ = {
			isa = PBXFrameworksBuildPhase;
			buildActionMask = 2147483647;
			files = (
				2D4544562F12F45C007AE19F /* Trapezio in Frameworks */,
			);
			runOnlyForDeploymentPostprocessing = 0;
		};
		2D4544122F12F2C5007AE19F /* Frameworks */ = {
			isa = PBXFrameworksBuildPhase;
			buildActionMask = 2147483647;
			files = (
			);
			runOnlyForDeploymentPostprocessing = 0;
		};
		2D45441C2F12F2C5007AE19F /* Frameworks */ = {
			isa = PBXFrameworksBuildPhase;
			buildActionMask = 2147483647;
			files = (
			);
			runOnlyForDeploymentPostprocessing = 0;
		};
/* End PBXFrameworksBuildPhase section */

/* Begin PBXGroup section */
		2D4543FF2F12F2C4007AE19F = {
			isa = PBXGroup;
			children = (
				2D45440A2F12F2C4007AE19F /* TrapezioCounter */,
				2D4544092F12F2C4007AE19F /* Products */,
			);
			sourceTree = "<group>";
		};
		2D4544092F12F2C4007AE19F /* Products */ = {
			isa = PBXGroup;
			children = (
				2D4544082F12F2C4007AE19F /* TrapezioCounter.app */,
				2D4544152F12F2C5007AE19F /* TrapezioCounterTests.xctest */,
				2D45441F2F12F2C5007AE19F /* TrapezioCounterUITests.xctest */,
			);
			name = Products;
			sourceTree = "<group>";
		};
/* End PBXGroup section */

/* Begin PBXNativeTarget section */
		2D4544072F12F2C4007AE19F /* TrapezioCounter */ = {
			isa = PBXNativeTarget;
			buildConfigurationList = 2D4544292F12F2C5007AE19F /* Build configuration list for PBXNativeTarget "TrapezioCounter" */;
			buildPhases = (
				2D4544042F12F2C4007AE19F /* Sources */,
				2D4544052F12F2C4007AE19F /* Frameworks */,
				2D4544062F12F2C4007AE19F /* Resources */,
			);
			buildRules = (
			);
			dependencies = (
			);
			fileSystemSynchronizedGroups = (
				2D45440A2F12F2C4007AE19F /* TrapezioCounter */,
			);
			name = TrapezioCounter;
			packageProductDependencies = (
				2D4544552F12F45C007AE19F /* Trapezio */,
			);
			productName = TrapezioCounter;
			productReference = 2D4544082F12F2C4007AE19F /* TrapezioCounter.app */;
			productType = "com.apple.product-type.application";
		};
		2D4544142F12F2C5007AE19F /* TrapezioCounterTests */ = {
			isa = PBXNativeTarget;
			buildConfigurationList = 2D45442C2F12F2C5007AE19F /* Build configuration list for PBXNativeTarget "TrapezioCounterTests" */;
			buildPhases = (
				2D4544112F12F2C5007AE19F /* Sources */,
				2D4544122F12F2C5007AE19F /* Frameworks */,
				2D4544132F12F2C5007AE19F /* Resources */,
			);
			buildRules = (
			);
			dependencies = (
				2D4544172F12F2C5007AE19F /* PBXTargetDependency */,
			);
			name = TrapezioCounterTests;
			packageProductDependencies = (
			);
			productName = TrapezioCounterTests;
			productReference = 2D4544152F12F2C5007AE19F /* TrapezioCounterTests.xctest */;
			productType = "com.apple.product-type.bundle.unit-test";
		};
		2D45441E2F12F2C5007AE19F /* TrapezioCounterUITests */ = {
			isa = PBXNativeTarget;
			buildConfigurationList = 2D45442F2F12F2C5007AE19F /* Build configuration list for PBXNativeTarget "TrapezioCounterUITests" */;
			buildPhases = (
				2D45441B2F12F2C5007AE19F /* Sources */,
				2D45441C2F12F2C5007AE19F /* Frameworks */,
				2D45441D2F12F2C5007AE19F /* Resources */,
			);
			buildRules = (
			);
			dependencies = (
				2D4544212F12F2C5007AE19F /* PBXTargetDependency */,
			);
			name = TrapezioCounterUITests;
			packageProductDependencies = (
			);
			productName = TrapezioCounterUITests;
			productReference = 2D45441F2F12F2C5007AE19F /* TrapezioCounterUITests.xctest */;
			productType = "com.apple.product-type.bundle.ui-testing";
		};
/* End PBXNativeTarget section */

/* Begin PBXProject section */
		2D4544002F12F2C4007AE19F /* Project object */ = {
			isa = PBXProject;
			attributes = {
				BuildIndependentTargetsInParallel = 1;
				LastSwiftUpdateCheck = 2620;
				LastUpgradeCheck = 2620;
				TargetAttributes = {
					2D4544072F12F2C4007AE19F = {
						CreatedOnToolsVersion = 26.2;
					};
					2D4544142F12F2C5007AE19F = {
						CreatedOnToolsVersion = 26.2;
						LastSwiftMigration = 2620;
						TestTargetID = 2D4544072F12F2C4007AE19F;
					};
					2D45441E2F12F2C5007AE19F = {
						CreatedOnToolsVersion = 26.2;
						LastSwiftMigration = 2620;
						TestTargetID = 2D4544072F12F2C4007AE19F;
					};
				};
			};
			buildConfigurationList = 2D4544032F12F2C4007AE19F /* Build configuration list for PBXProject "Trapezio" */;
			developmentRegion = en;
			hasScannedForEncodings = 0;
			knownRegions = (
				en,
				Base,
			);
			mainGroup = 2D4543FF2F12F2C4007AE19F;
			minimizedProjectReferenceProxies = 1;
			packageReferences = (
				2D4544542F12F45C007AE19F /* XCLocalSwiftPackageReference "../Trapezio" */,
			);
			preferredProjectObjectVersion = 77;
			productRefGroup = 2D4544092F12F2C4007AE19F /* Products */;
			projectDirPath = "";
			projectRoot = "";
			targets = (
				2D4544072F12F2C4007AE19F /* TrapezioCounter */,
				2D4544142F12F2C5007AE19F /* TrapezioCounterTests */,
				2D45441E2F12F2C5007AE19F /* TrapezioCounterUITests */,
			);
		};
/* End PBXProject section */

/* Begin PBXResourcesBuildPhase section */
		2D4544062F12F2C4007AE19F /* Resources */ = {
			isa = PBXResourcesBuildPhase;
			buildActionMask = 2147483647;
			files = (
			);
			runOnlyForDeploymentPostprocessing = 0;
		};
		2D4544132F12F2C5007AE19F /* Resources */ = {
			isa = PBXResourcesBuildPhase;
			buildActionMask = 2147483647;
			files = (
			);
			runOnlyForDeploymentPostprocessing = 0;
		};
		2D45441D2F12F2C5007AE19F /* Resources */ = {
			isa = PBXResourcesBuildPhase;
			buildActionMask = 2147483647;
			files = (
			);
			runOnlyForDeploymentPostprocessing = 0;
		};
/* End PBXResourcesBuildPhase section */

/* Begin PBXSourcesBuildPhase section */
		2D4544042F12F2C4007AE19F /* Sources */ = {
			isa = PBXSourcesBuildPhase;
			buildActionMask = 2147483647;
			files = (
			);
			runOnlyForDeploymentPostprocessing = 0;
		};
		2D4544112F12F2C5007AE19F /* Sources */ = {
			isa = PBXSourcesBuildPhase;
			buildActionMask = 2147483647;
			files = (
			);
			runOnlyForDeploymentPostprocessing = 0;
		};
		2D45441B2F12F2C5007AE19F /* Sources */ = {
			isa = PBXSourcesBuildPhase;
			buildActionMask = 2147483647;
			files = (
			);
			runOnlyForDeploymentPostprocessing = 0;
		};
/* End PBXSourcesBuildPhase section */

/* Begin PBXTargetDependency section */
		2D4544172F12F2C5007AE19F /* PBXTargetDependency */ = {
			isa = PBXTargetDependency;
			target = 2D4544072F12F2C4007AE19F /* TrapezioCounter */;
			targetProxy = 2D4544162F12F2C5007AE19F /* PBXContainerItemProxy */;
		};
		2D4544212F12F2C5007AE19F /* PBXTargetDependency */ = {
			isa = PBXTargetDependency;
			target = 2D4544072F12F2C4007AE19F /* TrapezioCounter */;
			targetProxy = 2D4544202F12F2C5007AE19F /* PBXContainerItemProxy */;
		};
/* End PBXTargetDependency section */

/* Begin XCBuildConfiguration section */
		2D4544272F12F2C5007AE19F /* Debug */ = {
			isa = XCBuildConfiguration;
			buildSettings = {
				ALWAYS_SEARCH_USER_PATHS = NO;
				ASSETCATALOG_COMPILER_GENERATE_SWIFT_ASSET_SYMBOL_EXTENSIONS = YES;
				CLANG_ANALYZER_NONNULL = YES;
				CLANG_ANALYZER_NUMBER_OBJECT_CONVERSION = YES_AGGRESSIVE;
				CLANG_CXX_LANGUAGE_STANDARD = "gnu++20";
				CLANG_ENABLE_MODULES = YES;
				CLANG_ENABLE_OBJC_ARC = YES;
				CLANG_ENABLE_OBJC_WEAK = YES;
				CLANG_WARN_BLOCK_CAPTURE_AUTORELEASING = YES;
				CLANG_WARN_BOOL_CONVERSION = YES;
				CLANG_WARN_COMMA = YES;
				CLANG_WARN_CONSTANT_CONVERSION = YES;
				CLANG_WARN_DEPRECATED_OBJC_IMPLEMENTATIONS = YES;
				CLANG_WARN_DIRECT_OBJC_ISA_USAGE = YES_ERROR;
				CLANG_WARN_DOCUMENTATION_COMMENTS = YES;
				CLANG_WARN_EMPTY_BODY = YES;
				CLANG_WARN_ENUM_CONVERSION = YES;
				CLANG_WARN_INFINITE_RECURSION = YES;
				CLANG_WARN_INT_CONVERSION = YES;
				CLANG_WARN_NON_LITERAL_NULL_CONVERSION = YES;
				CLANG_WARN_OBJC_IMPLICIT_RETAIN_SELF = YES;
				CLANG_WARN_OBJC_LITERAL_CONVERSION = YES;
				CLANG_WARN_OBJC_ROOT_CLASS = YES_ERROR;
				CLANG_WARN_QUOTED_INCLUDE_IN_FRAMEWORK_HEADER = YES;
				CLANG_WARN_RANGE_LOOP_ANALYSIS = YES;
				CLANG_WARN_STRICT_PROTOTYPES = YES;
				CLANG_WARN_SUSPICIOUS_MOVE = YES;
				CLANG_WARN_UNGUARDED_AVAILABILITY = YES_AGGRESSIVE;
				CLANG_WARN_UNREACHABLE_CODE = YES;
				CLANG_WARN__DUPLICATE_METHOD_MATCH = YES;
				COPY_PHASE_STRIP = NO;
				DEBUG_INFORMATION_FORMAT = dwarf;
				ENABLE_STRICT_OBJC_MSGSEND = YES;
				ENABLE_TESTABILITY = YES;
				ENABLE_USER_SCRIPT_SANDBOXING = YES;
				GCC_C_LANGUAGE_STANDARD = gnu17;
				GCC_DYNAMIC_NO_PIC = NO;
				GCC_NO_COMMON_BLOCKS = YES;
				GCC_OPTIMIZATION_LEVEL = 0;
				GCC_PREPROCESSOR_DEFINITIONS = (
					"DEBUG=1",
					"$(inherited)",
				);
				GCC_WARN_64_TO_32_BIT_CONVERSION = YES;
				GCC_WARN_ABOUT_RETURN_TYPE = YES_ERROR;
				GCC_WARN_UNDECLARED_SELECTOR = YES;
				GCC_WARN_UNINITIALIZED_AUTOS = YES_AGGRESSIVE;
				GCC_WARN_UNUSED_FUNCTION = YES;
				GCC_WARN_UNUSED_VARIABLE = YES;
				IPHONEOS_DEPLOYMENT_TARGET = 26.2;
				LOCALIZATION_PREFERS_STRING_CATALOGS = YES;
				MTL_ENABLE_DEBUG_INFO = INCLUDE_SOURCE;
				MTL_FAST_MATH = YES;
				ONLY_ACTIVE_ARCH = YES;
				SDKROOT = iphoneos;
				SWIFT_ACTIVE_COMPILATION_CONDITIONS = "DEBUG $(inherited)";
				SWIFT_OPTIMIZATION_LEVEL = "-Onone";
			};
			name = Debug;
		};
		2D4544282F12F2C5007AE19F /* Release */ = {
			isa = XCBuildConfiguration;
			buildSettings = {
				ALWAYS_SEARCH_USER_PATHS = NO;
				ASSETCATALOG_COMPILER_GENERATE_SWIFT_ASSET_SYMBOL_EXTENSIONS = YES;
				CLANG_ANALYZER_NONNULL = YES;
				CLANG_ANALYZER_NUMBER_OBJECT_CONVERSION = YES_AGGRESSIVE;
				CLANG_CXX_LANGUAGE_STANDARD = "gnu++20";
				CLANG_ENABLE_MODULES = YES;
				CLANG_ENABLE_OBJC_ARC = YES;
				CLANG_ENABLE_OBJC_WEAK = YES;
				CLANG_WARN_BLOCK_CAPTURE_AUTORELEASING = YES;
				CLANG_WARN_BOOL_CONVERSION = YES;
				CLANG_WARN_COMMA = YES;
				CLANG_WARN_CONSTANT_CONVERSION = YES;
				CLANG_WARN_DEPRECATED_OBJC_IMPLEMENTATIONS = YES;
				CLANG_WARN_DIRECT_OBJC_ISA_USAGE = YES_ERROR;
				CLANG_WARN_DOCUMENTATION_COMMENTS = YES;
				CLANG_WARN_EMPTY_BODY = YES;
				CLANG_WARN_ENUM_CONVERSION = YES;
				CLANG_WARN_INFINITE_RECURSION = YES;
				CLANG_WARN_INT_CONVERSION = YES;
				CLANG_WARN_NON_LITERAL_NULL_CONVERSION = YES;
				CLANG_WARN_OBJC_IMPLICIT_RETAIN_SELF = YES;
				CLANG_WARN_OBJC_LITERAL_CONVERSION = YES;
				CLANG_WARN_OBJC_ROOT_CLASS = YES_ERROR;
				CLANG_WARN_QUOTED_INCLUDE_IN_FRAMEWORK_HEADER = YES;
				CLANG_WARN_RANGE_LOOP_ANALYSIS = YES;
				CLANG_WARN_STRICT_PROTOTYPES = YES;
				CLANG_WARN_SUSPICIOUS_MOVE = YES;
				CLANG_WARN_UNGUARDED_AVAILABILITY = YES_AGGRESSIVE;
				CLANG_WARN_UNREACHABLE_CODE = YES;
				CLANG_WARN__DUPLICATE_METHOD_MATCH = YES;
				COPY_PHASE_STRIP = NO;
				DEBUG_INFORMATION_FORMAT = "dwarf-with-dsym";
				ENABLE_NS_ASSERTIONS = NO;
				ENABLE_STRICT_OBJC_MSGSEND = YES;
				ENABLE_USER_SCRIPT_SANDBOXING = YES;
				GCC_C_LANGUAGE_STANDARD = gnu17;
				GCC_NO_COMMON_BLOCKS = YES;
				GCC_WARN_64_TO_32_BIT_CONVERSION = YES;
				GCC_WARN_ABOUT_RETURN_TYPE = YES_ERROR;
				GCC_WARN_UNDECLARED_SELECTOR = YES;
				GCC_WARN_UNINITIALIZED_AUTOS = YES_AGGRESSIVE;
				GCC_WARN_UNUSED_FUNCTION = YES;
				GCC_WARN_UNUSED_VARIABLE = YES;
				IPHONEOS_DEPLOYMENT_TARGET = 26.2;
				LOCALIZATION_PREFERS_STRING_CATALOGS = YES;
				MTL_ENABLE_DEBUG_INFO = NO;
				MTL_FAST_MATH = YES;
				SDKROOT = iphoneos;
				SWIFT_COMPILATION_MODE = wholemodule;
				VALIDATE_PRODUCT = YES;
			};
			name = Release;
		};
		2D45442A2F12F2C5007AE19F /* Debug */ = {
			isa = XCBuildConfiguration;
			buildSettings = {
				ASSETCATALOG_COMPILER_APPICON_NAME = AppIcon;
				ASSETCATALOG_COMPILER_GLOBAL_ACCENT_COLOR_NAME = AccentColor;
				CODE_SIGN_STYLE = Automatic;
				CURRENT_PROJECT_VERSION = 1;
				ENABLE_PREVIEWS = YES;
				GENERATE_INFOPLIST_FILE = YES;
				INFOPLIST_KEY_UIApplicationSceneManifest_Generation = YES;
				INFOPLIST_KEY_UIApplicationSupportsIndirectInputEvents = YES;
				INFOPLIST_KEY_UILaunchScreen_Generation = YES;
				INFOPLIST_KEY_UISupportedInterfaceOrientations_iPad = "UIInterfaceOrientationPortrait UIInterfaceOrientationPortraitUpsideDown UIInterfaceOrientationLandscapeLeft UIInterfaceOrientationLandscapeRight";
				INFOPLIST_KEY_UISupportedInterfaceOrientations_iPhone = "UIInterfaceOrientationPortrait UIInterfaceOrientationLandscapeLeft UIInterfaceOrientationLandscapeRight";
				LD_RUNPATH_SEARCH_PATHS = (
					"$(inherited)",
					"@executable_path/Frameworks",
				);
				MARKETING_VERSION = 1.0;
				PRODUCT_BUNDLE_IDENTIFIER = com.jkjamies.TrapezioCounter;
				PRODUCT_NAME = "$(TARGET_NAME)";
				STRING_CATALOG_GENERATE_SYMBOLS = YES;
				SWIFT_APPROACHABLE_CONCURRENCY = YES;
				SWIFT_DEFAULT_ACTOR_ISOLATION = MainActor;
				SWIFT_EMIT_LOC_STRINGS = YES;
				SWIFT_UPCOMING_FEATURE_MEMBER_IMPORT_VISIBILITY = YES;
				SWIFT_VERSION = 5.0;
				TARGETED_DEVICE_FAMILY = "1,2";
			};
			name = Debug;
		};
		2D45442B2F12F2C5007AE19F /* Release */ = {
			isa = XCBuildConfiguration;
			buildSettings = {
				ASSETCATALOG_COMPILER_APPICON_NAME = AppIcon;
				ASSETCATALOG_COMPILER_GLOBAL_ACCENT_COLOR_NAME = AccentColor;
				CODE_SIGN_STYLE = Automatic;
				CURRENT_PROJECT_VERSION = 1;
				ENABLE_PREVIEWS = YES;
				GENERATE_INFOPLIST_FILE = YES;
				INFOPLIST_KEY_UIApplicationSceneManifest_Generation = YES;
				INFOPLIST_KEY_UIApplicationSupportsIndirectInputEvents = YES;
				INFOPLIST_KEY_UILaunchScreen_Generation = YES;
				INFOPLIST_KEY_UISupportedInterfaceOrientations_iPad = "UIInterfaceOrientationPortrait UIInterfaceOrientationPortraitUpsideDown UIInterfaceOrientationLandscapeLeft UIInterfaceOrientationLandscapeRight";
				INFOPLIST_KEY_UISupportedInterfaceOrientations_iPhone = "UIInterfaceOrientationPortrait UIInterfaceOrientationLandscapeLeft UIInterfaceOrientationLandscapeRight";
				LD_RUNPATH_SEARCH_PATHS = (
					"$(inherited)",
					"@executable_path/Frameworks",
				);
				MARKETING_VERSION = 1.0;
				PRODUCT_BUNDLE_IDENTIFIER = com.jkjamies.TrapezioCounter;
				PRODUCT_NAME = "$(TARGET_NAME)";
				STRING_CATALOG_GENERATE_SYMBOLS = YES;
				SWIFT_APPROACHABLE_CONCURRENCY = YES;
				SWIFT_DEFAULT_ACTOR_ISOLATION = MainActor;
				SWIFT_EMIT_LOC_STRINGS = YES;
				SWIFT_UPCOMING_FEATURE_MEMBER_IMPORT_VISIBILITY = YES;
				SWIFT_VERSION = 5.0;
				TARGETED_DEVICE_FAMILY = "1,2";
			};
			name = Release;
		};
		2D45442D2F12F2C5007AE19F /* Debug */ = {
			isa = XCBuildConfiguration;
			buildSettings = {
				BUNDLE_LOADER = "$(TEST_HOST)";
				CLANG_ENABLE_MODULES = YES;
				CODE_SIGN_STYLE = Automatic;
				CURRENT_PROJECT_VERSION = 1;
				GENERATE_INFOPLIST_FILE = YES;
				IPHONEOS_DEPLOYMENT_TARGET = 26.2;
				MARKETING_VERSION = 1.0;
				PRODUCT_BUNDLE_IDENTIFIER = com.jkjamies.TrapezioCounterTests;
				PRODUCT_NAME = "$(TARGET_NAME)";
				STRING_CATALOG_GENERATE_SYMBOLS = NO;
				SWIFT_APPROACHABLE_CONCURRENCY = YES;
				SWIFT_EMIT_LOC_STRINGS = NO;
				SWIFT_OPTIMIZATION_LEVEL = "-Onone";
				SWIFT_UPCOMING_FEATURE_MEMBER_IMPORT_VISIBILITY = YES;
				SWIFT_VERSION = 5.0;
				TARGETED_DEVICE_FAMILY = "1,2";
				TEST_HOST = "$(BUILT_PRODUCTS_DIR)/TrapezioCounter.app/$(BUNDLE_EXECUTABLE_FOLDER_PATH)/TrapezioCounter";
			};
			name = Debug;
		};
		2D45442E2F12F2C5007AE19F /* Release */ = {
			isa = XCBuildConfiguration;
			buildSettings = {
				BUNDLE_LOADER = "$(TEST_HOST)";
				CLANG_ENABLE_MODULES = YES;
				CODE_SIGN_STYLE = Automatic;
				CURRENT_PROJECT_VERSION = 1;
				GENERATE_INFOPLIST_FILE = YES;
				IPHONEOS_DEPLOYMENT_TARGET = 26.2;
				MARKETING_VERSION = 1.0;
				PRODUCT_BUNDLE_IDENTIFIER = com.jkjamies.TrapezioCounterTests;
				PRODUCT_NAME = "$(TARGET_NAME)";
				STRING_CATALOG_GENERATE_SYMBOLS = NO;
				SWIFT_APPROACHABLE_CONCURRENCY = YES;
				SWIFT_EMIT_LOC_STRINGS = NO;
				SWIFT_UPCOMING_FEATURE_MEMBER_IMPORT_VISIBILITY = YES;
				SWIFT_VERSION = 5.0;
				TARGETED_DEVICE_FAMILY = "1,2";
				TEST_HOST = "$(BUILT_PRODUCTS_DIR)/TrapezioCounter.app/$(BUNDLE_EXECUTABLE_FOLDER_PATH)/TrapezioCounter";
			};
			name = Release;
		};
		2D4544302F12F2C5007AE19F /* Debug */ = {
			isa = XCBuildConfiguration;
			buildSettings = {
				CLANG_ENABLE_MODULES = YES;
				CODE_SIGN_STYLE = Automatic;
				CURRENT_PROJECT_VERSION = 1;
				GENERATE_INFOPLIST_FILE = YES;
				MARKETING_VERSION = 1.0;
				PRODUCT_BUNDLE_IDENTIFIER = com.jkjamies.TrapezioCounterUITests;
				PRODUCT_NAME = "$(TARGET_NAME)";
				STRING_CATALOG_GENERATE_SYMBOLS = NO;
				SWIFT_APPROACHABLE_CONCURRENCY = YES;
				SWIFT_EMIT_LOC_STRINGS = NO;
				SWIFT_OPTIMIZATION_LEVEL = "-Onone";
				SWIFT_UPCOMING_FEATURE_MEMBER_IMPORT_VISIBILITY = YES;
				SWIFT_VERSION = 5.0;
				TARGETED_DEVICE_FAMILY = "1,2";
				TEST_TARGET_NAME = TrapezioCounter;
			};
			name = Debug;
		};
		2D4544312F12F2C5007AE19F /* Release */ = {
			isa = XCBuildConfiguration;
			buildSettings = {
				CLANG_ENABLE_MODULES = YES;
				CODE_SIGN_STYLE = Automatic;
				CURRENT_PROJECT_VERSION = 1;
				GENERATE_INFOPLIST_FILE = YES;
				MARKETING_VERSION = 1.0;
				PRODUCT_BUNDLE_IDENTIFIER = com.jkjamies.TrapezioCounterUITests;
				PRODUCT_NAME = "$(TARGET_NAME)";
				STRING_CATALOG_GENERATE_SYMBOLS = NO;
				SWIFT_APPROACHABLE_CONCURRENCY = YES;
				SWIFT_EMIT_LOC_STRINGS = NO;
				SWIFT_UPCOMING_FEATURE_MEMBER_IMPORT_VISIBILITY = YES;
				SWIFT_VERSION = 5.0;
				TARGETED_DEVICE_FAMILY = "1,2";
				TEST_TARGET_NAME = TrapezioCounter;
			};
			name = Release;
		};
/* End XCBuildConfiguration section */

/* Begin XCConfigurationList section */
		2D4544032F12F2C4007AE19F /* Build configuration list for PBXProject "Trapezio" */ = {
			isa = XCConfigurationList;
			buildConfigurations = (
				2D4544272F12F2C5007AE19F /* Debug */,
				2D4544282F12F2C5007AE19F /* Release */,
			);
			defaultConfigurationIsVisible = 0;
			defaultConfigurationName = Release;
		};
		2D4544292F12F2C5007AE19F /* Build configuration list for PBXNativeTarget "TrapezioCounter" */ = {
			isa = XCConfigurationList;
			buildConfigurations = (
				2D45442A2F12F2C5007AE19F /* Debug */,
				2D45442B2F12F2C5007AE19F /* Release */,
			);
			defaultConfigurationIsVisible = 0;
			defaultConfigurationName = Release;
		};
		2D45442C2F12F2C5007AE19F /* Build configuration list for PBXNativeTarget "TrapezioCounterTests" */ = {
			isa = XCConfigurationList;
			buildConfigurations = (
				2D45442D2F12F2C5007AE19F /* Debug */,
				2D45442E2F12F2C5007AE19F /* Release */,
			);
			defaultConfigurationIsVisible = 0;
			defaultConfigurationName = Release;
		};
		2D45442F2F12F2C5007AE19F /* Build configuration list for PBXNativeTarget "TrapezioCounterUITests" */ = {
			isa = XCConfigurationList;
			buildConfigurations = (
				2D4544302F12F2C5007AE19F /* Debug */,
				2D4544312F12F2C5007AE19F /* Release */,
			);
			defaultConfigurationIsVisible = 0;
			defaultConfigurationName = Release;
		};
/* End XCConfigurationList section */

/* Begin XCLocalSwiftPackageReference section */
		2D4544542F12F45C007AE19F /* XCLocalSwiftPackageReference "../Trapezio" */ = {
			isa = XCLocalSwiftPackageReference;
			relativePath = ../Trapezio;
		};
/* End XCLocalSwiftPackageReference section */

/* Begin XCSwiftPackageProductDependency section */
		2D4544552F12F45C007AE19F /* Trapezio */ = {
			isa = XCSwiftPackageProductDependency;
			productName = Trapezio;
		};
/* End XCSwiftPackageProductDependency section */
	};
	rootObject = 2D4544002F12F2C4007AE19F /* Project object */;
}
